
Microsoft Visual Studio Solution File, Format Version 12.00
# Visual Studio Version 17
VisualStudioVersion = 17.14.37531.7
MinimumVisualStudioVersion = 10.0.40219.1
Project("{FAE04EC0-301F-11D3-BF4B-00C04F79EFBC}") = "ERP_MOB_SSM", "ERP_MOB_SSM.csproj", "{D7644AD0-9214-49C5-BD3D-9EFC25720DBA}"
EndProject
Global
	GlobalSection(SolutionConfigurationPlatforms) = preSolution
		Debug|Any CPU = Debug|Any CPU
		Release|Any CPU = Release|Any CPU
	EndGlobalSection
	GlobalSection(ProjectConfigurationPlatforms) = postSolution
		{D7644AD0-9214-49C5-BD3D-9EFC25720DBA}.Debug|Any CPU.ActiveCfg = Debug|Any CPU
		{D7644AD0-9214-49C5-BD3D-9EFC25720DBA}.Debug|Any CPU.Build.0 = Debug|Any CPU
		{D7644AD0-9214-49C5-BD3D-9EFC25720DBA}.Debug|Any CPU.Deploy.0 = Debug|Any CPU
		{D7644AD0-9214-49C5-BD3D-9EFC25720DBA}.Release|Any CPU.ActiveCfg = Release|Any CPU
		{D7644AD0-9214-49C5-BD3D-9EFC25720DBA}.Release|Any CPU.Build.0 = Release|Any CPU
	EndGlobalSection
	GlobalSection(SolutionProperties) = preSolution
		HideSolutionNode = FALSE
	EndGlobalSection
	GlobalSection(ExtensibilityGlobals) = postSolution
		SolutionGuid = {9BA48235-7345-4186-BFA7-A1E75433FF55}
	EndGlobalSection
EndGlobal
